
Microsoft Visual Studio Solution File, Format Version 12.00
# Visual Studio Version 17
VisualStudioVersion = 17.11.35327.3
MinimumVisualStudioVersion = 10.0.40219.1
Project("{9A19103F-16F7-4668-BE54-9A1E7A4F7556}") = "RemoteControl.Rest.Web", "RemoteControl.Rest.Web\RemoteControl.Rest.Web.csproj", "{DC2C39B9-91B8-4F47-9FDF-CD3D17D7146A}"
EndProject
Project("{9A19103F-16F7-4668-BE54-9A1E7A4F7556}") = "RemoteControl.Rest.Processing.Api", "RemoteControl.Rest.Processing.Api\RemoteControl.Rest.Processing.Api.csproj", "{AFD84338-42AC-45E3-B36F-8D0FCA27F64E}"
EndProject
Project("{9A19103F-16F7-4668-BE54-9A1E7A4F7556}") = "RemoteControl.Rest.Processing", "RemoteControl.Rest.Processing\RemoteControl.Rest.Processing.csproj", "{E29B87CB-3D81-47A2-BAF4-D834CF1291DF}"
EndProject
Project("{9A19103F-16F7-4668-BE54-9A1E7A4F7556}") = "RemoteControl.Rest.Persistence", "RemoteControl.Rest.Persistence\RemoteControl.Rest.Persistence.csproj", "{52069BBE-5A0A-4A7F-9B83-7DD5486C240D}"
EndProject
Project("{9A19103F-16F7-4668-BE54-9A1E7A4F7556}") = "RemoteControl.Rest.Mediation", "RemoteControl.Rest.Mediation\RemoteControl.Rest.Mediation.csproj", "{B5070E6E-66A0-4A99-AC31-F228BD430E1D}"
EndProject
Global
	GlobalSection(SolutionConfigurationPlatforms) = preSolution
		Debug|Any CPU = Debug|Any CPU
		Release|Any CPU = Release|Any CPU
	EndGlobalSection
	GlobalSection(ProjectConfigurationPlatforms) = postSolution
		{DC2C39B9-91B8-4F47-9FDF-CD3D17D7146A}.Debug|Any CPU.ActiveCfg = Debug|Any CPU
		{DC2C39B9-91B8-4F47-9FDF-CD3D17D7146A}.Debug|Any CPU.Build.0 = Debug|Any CPU
		{DC2C39B9-91B8-4F47-9FDF-CD3D17D7146A}.Release|Any CPU.ActiveCfg = Release|Any CPU
		{DC2C39B9-91B8-4F47-9FDF-CD3D17D7146A}.Release|Any CPU.Build.0 = Release|Any CPU
		{AFD84338-42AC-45E3-B36F-8D0FCA27F64E}.Debug|Any CPU.ActiveCfg = Debug|Any CPU
		{AFD84338-42AC-45E3-B36F-8D0FCA27F64E}.Debug|Any CPU.Build.0 = Debug|Any CPU
		{AFD84338-42AC-45E3-B36F-8D0FCA27F64E}.Release|Any CPU.ActiveCfg = Release|Any CPU
		{AFD84338-42AC-45E3-B36F-8D0FCA27F64E}.Release|Any CPU.Build.0 = Release|Any CPU
		{E29B87CB-3D81-47A2-BAF4-D834CF1291DF}.Debug|Any CPU.ActiveCfg = Debug|Any CPU
		{E29B87CB-3D81-47A2-BAF4-D834CF1291DF}.Debug|Any CPU.Build.0 = Debug|Any CPU
		{E29B87CB-3D81-47A2-BAF4-D834CF1291DF}.Release|Any CPU.ActiveCfg = Release|Any CPU
		{E29B87CB-3D81-47A2-BAF4-D834CF1291DF}.Release|Any CPU.Build.0 = Release|Any CPU
		{52069BBE-5A0A-4A7F-9B83-7DD5486C240D}.Debug|Any CPU.ActiveCfg = Debug|Any CPU
		{52069BBE-5A0A-4A7F-9B83-7DD5486C240D}.Debug|Any CPU.Build.0 = Debug|Any CPU
		{52069BBE-5A0A-4A7F-9B83-7DD5486C240D}.Release|Any CPU.ActiveCfg = Release|Any CPU
		{52069BBE-5A0A-4A7F-9B83-7DD5486C240D}.Release|Any CPU.Build.0 = Release|Any CPU
		{B5070E6E-66A0-4A99-AC31-F228BD430E1D}.Debug|Any CPU.ActiveCfg = Debug|Any CPU
		{B5070E6E-66A0-4A99-AC31-F228BD430E1D}.Debug|Any CPU.Build.0 = Debug|Any CPU
		{B5070E6E-66A0-4A99-AC31-F228BD430E1D}.Release|Any CPU.ActiveCfg = Release|Any CPU
		{B5070E6E-66A0-4A99-AC31-F228BD430E1D}.Release|Any CPU.Build.0 = Release|Any CPU
	EndGlobalSection
	GlobalSection(SolutionProperties) = preSolution
		HideSolutionNode = FALSE
	EndGlobalSection
	GlobalSection(ExtensibilityGlobals) = postSolution
		SolutionGuid = {A40BA781-B5E0-42D3-A999-6E84988F85D2}
	EndGlobalSection
EndGlobal
